
Microsoft Visual Studio Solution File, Format Version 12.00
# Visual Studio Version 16
VisualStudioVersion = 16.0.30011.22
MinimumVisualStudioVersion = 10.0.40219.1
Project("{9A19103F-16F7-4668-BE54-9A1E7A4F7556}") = "FinanceSamples", "FinanceSamples\FinanceSamples.csproj", "{0CA53CA4-D870-491D-A3D9-C4272CB5FDD6}"
EndProject
Project("{FAE04EC0-301F-11D3-BF4B-00C04F79EFBC}") = "FinanceSamples.Tests", "FinanceSamples.Tests\FinanceSamples.Tests.csproj", "{6962C2EE-3F86-42AB-B918-CCEB3502D49F}"
EndProject
Global
	GlobalSection(SolutionConfigurationPlatforms) = preSolution
		Debug|Any CPU = Debug|Any CPU
		Release|Any CPU = Release|Any CPU
	EndGlobalSection
	GlobalSection(ProjectConfigurationPlatforms) = postSolution
		{0CA53CA4-D870-491D-A3D9-C4272CB5FDD6}.Debug|Any CPU.ActiveCfg = Debug|Any CPU
		{0CA53CA4-D870-491D-A3D9-C4272CB5FDD6}.Debug|Any CPU.Build.0 = Debug|Any CPU
		{0CA53CA4-D870-491D-A3D9-C4272CB5FDD6}.Release|Any CPU.ActiveCfg = Release|Any CPU
		{0CA53CA4-D870-491D-A3D9-C4272CB5FDD6}.Release|Any CPU.Build.0 = Release|Any CPU
		{6962C2EE-3F86-42AB-B918-CCEB3502D49F}.Debug|Any CPU.ActiveCfg = Debug|Any CPU
		{6962C2EE-3F86-42AB-B918-CCEB3502D49F}.Debug|Any CPU.Build.0 = Debug|Any CPU
		{6962C2EE-3F86-42AB-B918-CCEB3502D49F}.Release|Any CPU.ActiveCfg = Release|Any CPU
		{6962C2EE-3F86-42AB-B918-CCEB3502D49F}.Release|Any CPU.Build.0 = Release|Any CPU
	EndGlobalSection
	GlobalSection(SolutionProperties) = preSolution
		HideSolutionNode = FALSE
	EndGlobalSection
	GlobalSection(ExtensibilityGlobals) = postSolution
		SolutionGuid = {6A17AB1F-1BB0-4943-B519-9AB24F5A44D1}
	EndGlobalSection
EndGlobal
